
Microsoft Visual Studio Solution File, Format Version 12.00
# Visual Studio Version 16
VisualStudioVersion = 16.0.30615.102
MinimumVisualStudioVersion = 10.0.40219.1
Project("{9A19103F-16F7-4668-BE54-9A1E7A4F7556}") = "C4Editor", "C4Editor\C4Editor.csproj", "{1726D003-BADF-4D09-A06E-2708AA34CAB6}"
EndProject
Project("{FAE04EC0-301F-11D3-BF4B-00C04F79EFBC}") = "TestApp", "TestApp\TestApp.csproj", "{0AFF51FA-585E-49B3-8D1E-4F2C0671AC45}"
EndProject
Global
	GlobalSection(SolutionConfigurationPlatforms) = preSolution
		Debug|Any CPU = Debug|Any CPU
		Release|Any CPU = Release|Any CPU
	EndGlobalSection
	GlobalSection(ProjectConfigurationPlatforms) = postSolution
		{1726D003-BADF-4D09-A06E-2708AA34CAB6}.Debug|Any CPU.ActiveCfg = Debug|Any CPU
		{1726D003-BADF-4D09-A06E-2708AA34CAB6}.Debug|Any CPU.Build.0 = Debug|Any CPU
		{1726D003-BADF-4D09-A06E-2708AA34CAB6}.Release|Any CPU.ActiveCfg = Release|Any CPU
		{1726D003-BADF-4D09-A06E-2708AA34CAB6}.Release|Any CPU.Build.0 = Release|Any CPU
		{0AFF51FA-585E-49B3-8D1E-4F2C0671AC45}.Debug|Any CPU.ActiveCfg = Debug|Any CPU
		{0AFF51FA-585E-49B3-8D1E-4F2C0671AC45}.Debug|Any CPU.Build.0 = Debug|Any CPU
		{0AFF51FA-585E-49B3-8D1E-4F2C0671AC45}.Release|Any CPU.ActiveCfg = Release|Any CPU
		{0AFF51FA-585E-49B3-8D1E-4F2C0671AC45}.Release|Any CPU.Build.0 = Release|Any CPU
	EndGlobalSection
	GlobalSection(SolutionProperties) = preSolution
		HideSolutionNode = FALSE
	EndGlobalSection
	GlobalSection(ExtensibilityGlobals) = postSolution
		SolutionGuid = {2BEF95F4-DA7B-467A-AF2B-D0B1EDF757BA}
	EndGlobalSection
EndGlobal
